
Microsoft Visual Studio Solution File, Format Version 12.00
# Visual Studio Version 17
VisualStudioVersion = 17.7.34024.191
MinimumVisualStudioVersion = 10.0.40219.1
Project("{9A19103F-16F7-4668-BE54-9A1E7A4F7556}") = "AutoJobSearchConsoleApp", "AutoJobSearchConsoleApp\AutoJobSearchConsoleApp.csproj", "{81D1CC79-2979-4F5E-A083-D43131883337}"
EndProject
Project("{9A19103F-16F7-4668-BE54-9A1E7A4F7556}") = "AutoJobSearchGUI2", "AutoJobSearchGUI2\AutoJobSearchGUI2.csproj", "{4ADC948C-9546-4042-AF0F-395B628AC7A6}"
EndProject
Project("{9A19103F-16F7-4668-BE54-9A1E7A4F7556}") = "AutoJobSearchShared", "AutoJobSearchShared\AutoJobSearchShared.csproj", "{AE94969D-ADDE-4EE7-94F6-A3EFA763F893}"
EndProject
Project("{9A19103F-16F7-4668-BE54-9A1E7A4F7556}") = "AutoJobSearchGUI", "AutoJobSearchGUI\AutoJobSearchGUI.csproj", "{9655FA5A-8962-4337-A5FC-612CFF0DA1A9}"
EndProject
Project("{9A19103F-16F7-4668-BE54-9A1E7A4F7556}") = "AutoJobSearchGUI.Desktop", "AutoJobSearchGUI.Desktop\AutoJobSearchGUI.Desktop.csproj", "{1EADA297-F368-439C-971B-4F51A34481A5}"
EndProject
Project("{9A19103F-16F7-4668-BE54-9A1E7A4F7556}") = "AutoJobSearchGUI.Browser", "AutoJobSearchGUI.Browser\AutoJobSearchGUI.Browser.csproj", "{1BD425CA-90B1-4707-BBE5-011AC6590F78}"
EndProject
Global
	GlobalSection(SolutionConfigurationPlatforms) = preSolution
		Debug|Any CPU = Debug|Any CPU
		Release|Any CPU = Release|Any CPU
	EndGlobalSection
	GlobalSection(ProjectConfigurationPlatforms) = postSolution
		{81D1CC79-2979-4F5E-A083-D43131883337}.Debug|Any CPU.ActiveCfg = Debug|Any CPU
		{81D1CC79-2979-4F5E-A083-D43131883337}.Debug|Any CPU.Build.0 = Debug|Any CPU
		{81D1CC79-2979-4F5E-A083-D43131883337}.Release|Any CPU.ActiveCfg = Release|Any CPU
		{81D1CC79-2979-4F5E-A083-D43131883337}.Release|Any CPU.Build.0 = Release|Any CPU
		{4ADC948C-9546-4042-AF0F-395B628AC7A6}.Debug|Any CPU.ActiveCfg = Debug|Any CPU
		{4ADC948C-9546-4042-AF0F-395B628AC7A6}.Debug|Any CPU.Build.0 = Debug|Any CPU
		{4ADC948C-9546-4042-AF0F-395B628AC7A6}.Release|Any CPU.ActiveCfg = Release|Any CPU
		{4ADC948C-9546-4042-AF0F-395B628AC7A6}.Release|Any CPU.Build.0 = Release|Any CPU
		{AE94969D-ADDE-4EE7-94F6-A3EFA763F893}.Debug|Any CPU.ActiveCfg = Debug|Any CPU
		{AE94969D-ADDE-4EE7-94F6-A3EFA763F893}.Debug|Any CPU.Build.0 = Debug|Any CPU
		{AE94969D-ADDE-4EE7-94F6-A3EFA763F893}.Release|Any CPU.ActiveCfg = Release|Any CPU
		{AE94969D-ADDE-4EE7-94F6-A3EFA763F893}.Release|Any CPU.Build.0 = Release|Any CPU
		{9655FA5A-8962-4337-A5FC-612CFF0DA1A9}.Debug|Any CPU.ActiveCfg = Debug|Any CPU
		{9655FA5A-8962-4337-A5FC-612CFF0DA1A9}.Debug|Any CPU.Build.0 = Debug|Any CPU
		{9655FA5A-8962-4337-A5FC-612CFF0DA1A9}.Release|Any CPU.ActiveCfg = Release|Any CPU
		{9655FA5A-8962-4337-A5FC-612CFF0DA1A9}.Release|Any CPU.Build.0 = Release|Any CPU
		{1EADA297-F368-439C-971B-4F51A34481A5}.Debug|Any CPU.ActiveCfg = Debug|Any CPU
		{1EADA297-F368-439C-971B-4F51A34481A5}.Debug|Any CPU.Build.0 = Debug|Any CPU
		{1EADA297-F368-439C-971B-4F51A34481A5}.Release|Any CPU.ActiveCfg = Release|Any CPU
		{1EADA297-F368-439C-971B-4F51A34481A5}.Release|Any CPU.Build.0 = Release|Any CPU
		{1BD425CA-90B1-4707-BBE5-011AC6590F78}.Debug|Any CPU.ActiveCfg = Debug|Any CPU
		{1BD425CA-90B1-4707-BBE5-011AC6590F78}.Debug|Any CPU.Build.0 = Debug|Any CPU
		{1BD425CA-90B1-4707-BBE5-011AC6590F78}.Release|Any CPU.ActiveCfg = Release|Any CPU
		{1BD425CA-90B1-4707-BBE5-011AC6590F78}.Release|Any CPU.Build.0 = Release|Any CPU
	EndGlobalSection
	GlobalSection(SolutionProperties) = preSolution
		HideSolutionNode = FALSE
	EndGlobalSection
	GlobalSection(ExtensibilityGlobals) = postSolution
		SolutionGuid = {48279124-B9AE-4C5D-8ACF-2984639FCE97}
	EndGlobalSection
EndGlobal
